
Microsoft Visual Studio Solution File, Format Version 12.00
Project("{FAE04EC0-301F-11D3-BF4B-00C04F79EFBC}") = "Mission6Ass", "Mission6Ass\Mission6Ass.csproj", "{DE7B4363-F40E-446F-B62D-EB1F3AD076C5}"
EndProject
Global
	GlobalSection(SolutionConfigurationPlatforms) = preSolution
		Debug|Any CPU = Debug|Any CPU
		Release|Any CPU = Release|Any CPU
	EndGlobalSection
	GlobalSection(ProjectConfigurationPlatforms) = postSolution
		{DE7B4363-F40E-446F-B62D-EB1F3AD076C5}.Debug|Any CPU.ActiveCfg = Debug|Any CPU
		{DE7B4363-F40E-446F-B62D-EB1F3AD076C5}.Debug|Any CPU.Build.0 = Debug|Any CPU
		{DE7B4363-F40E-446F-B62D-EB1F3AD076C5}.Release|Any CPU.ActiveCfg = Release|Any CPU
		{DE7B4363-F40E-446F-B62D-EB1F3AD076C5}.Release|Any CPU.Build.0 = Release|Any CPU
	EndGlobalSection
EndGlobal
